
Microsoft Visual Studio Solution File, Format Version 12.00
# Visual Studio Version 17
VisualStudioVersion = 17.9.34714.143
MinimumVisualStudioVersion = 10.0.40219.1
Project("{2150E333-8FDC-42A3-9474-1A3956D46DE8}") = "Core", "Core", "{9494CC76-CA43-40C9-A917-F2A32671399C}"
EndProject
Project("{2150E333-8FDC-42A3-9474-1A3956D46DE8}") = "Infrastructure", "Infrastructure", "{DC50C828-9950-42A1-97FF-E0BDA4021DED}"
EndProject
Project("{2150E333-8FDC-42A3-9474-1A3956D46DE8}") = "Presentation", "Presentation", "{3B7BDE3E-8FFC-4D6B-94D5-C9DE20B68F18}"
EndProject
Project("{FAE04EC0-301F-11D3-BF4B-00C04F79EFBC}") = "Domain", "Core\Domain\Domain.csproj", "{B5FB4D39-1056-4362-AC7A-9D2CE84378F8}"
EndProject
Project("{FAE04EC0-301F-11D3-BF4B-00C04F79EFBC}") = "Application", "Core\Applicaiton\Application.csproj", "{16B5DC2B-F832-4966-9754-D848F17E4388}"
EndProject
Project("{FAE04EC0-301F-11D3-BF4B-00C04F79EFBC}") = "Infrastructure", "Infrastructure\Infrastructure\Infrastructure.csproj", "{6696929C-F505-4ABE-9D35-45A1A99BAB27}"
EndProject
Project("{FAE04EC0-301F-11D3-BF4B-00C04F79EFBC}") = "Persistence", "Infrastructure\Persistence\Persistence.csproj", "{C0E1245E-C78D-431C-90A4-CDF2B10D927D}"
EndProject
Project("{FAE04EC0-301F-11D3-BF4B-00C04F79EFBC}") = "Api", "Presentation\Api\Api.csproj", "{757A1429-09F7-4A81-90A3-4E50B7AA47A8}"
EndProject
Global
	GlobalSection(SolutionConfigurationPlatforms) = preSolution
		Debug|Any CPU = Debug|Any CPU
		Release|Any CPU = Release|Any CPU
	EndGlobalSection
	GlobalSection(ProjectConfigurationPlatforms) = postSolution
		{B5FB4D39-1056-4362-AC7A-9D2CE84378F8}.Debug|Any CPU.ActiveCfg = Debug|Any CPU
		{B5FB4D39-1056-4362-AC7A-9D2CE84378F8}.Debug|Any CPU.Build.0 = Debug|Any CPU
		{B5FB4D39-1056-4362-AC7A-9D2CE84378F8}.Release|Any CPU.ActiveCfg = Release|Any CPU
		{B5FB4D39-1056-4362-AC7A-9D2CE84378F8}.Release|Any CPU.Build.0 = Release|Any CPU
		{16B5DC2B-F832-4966-9754-D848F17E4388}.Debug|Any CPU.ActiveCfg = Debug|Any CPU
		{16B5DC2B-F832-4966-9754-D848F17E4388}.Debug|Any CPU.Build.0 = Debug|Any CPU
		{16B5DC2B-F832-4966-9754-D848F17E4388}.Release|Any CPU.ActiveCfg = Release|Any CPU
		{16B5DC2B-F832-4966-9754-D848F17E4388}.Release|Any CPU.Build.0 = Release|Any CPU
		{6696929C-F505-4ABE-9D35-45A1A99BAB27}.Debug|Any CPU.ActiveCfg = Debug|Any CPU
		{6696929C-F505-4ABE-9D35-45A1A99BAB27}.Debug|Any CPU.Build.0 = Debug|Any CPU
		{6696929C-F505-4ABE-9D35-45A1A99BAB27}.Release|Any CPU.ActiveCfg = Release|Any CPU
		{6696929C-F505-4ABE-9D35-45A1A99BAB27}.Release|Any CPU.Build.0 = Release|Any CPU
		{C0E1245E-C78D-431C-90A4-CDF2B10D927D}.Debug|Any CPU.ActiveCfg = Debug|Any CPU
		{C0E1245E-C78D-431C-90A4-CDF2B10D927D}.Debug|Any CPU.Build.0 = Debug|Any CPU
		{C0E1245E-C78D-431C-90A4-CDF2B10D927D}.Release|Any CPU.ActiveCfg = Release|Any CPU
		{C0E1245E-C78D-431C-90A4-CDF2B10D927D}.Release|Any CPU.Build.0 = Release|Any CPU
		{757A1429-09F7-4A81-90A3-4E50B7AA47A8}.Debug|Any CPU.ActiveCfg = Debug|Any CPU
		{757A1429-09F7-4A81-90A3-4E50B7AA47A8}.Debug|Any CPU.Build.0 = Debug|Any CPU
		{757A1429-09F7-4A81-90A3-4E50B7AA47A8}.Release|Any CPU.ActiveCfg = Release|Any CPU
		{757A1429-09F7-4A81-90A3-4E50B7AA47A8}.Release|Any CPU.Build.0 = Release|Any CPU
	EndGlobalSection
	GlobalSection(SolutionProperties) = preSolution
		HideSolutionNode = FALSE
	EndGlobalSection
	GlobalSection(NestedProjects) = preSolution
		{B5FB4D39-1056-4362-AC7A-9D2CE84378F8} = {9494CC76-CA43-40C9-A917-F2A32671399C}
		{16B5DC2B-F832-4966-9754-D848F17E4388} = {9494CC76-CA43-40C9-A917-F2A32671399C}
		{6696929C-F505-4ABE-9D35-45A1A99BAB27} = {DC50C828-9950-42A1-97FF-E0BDA4021DED}
		{C0E1245E-C78D-431C-90A4-CDF2B10D927D} = {DC50C828-9950-42A1-97FF-E0BDA4021DED}
		{757A1429-09F7-4A81-90A3-4E50B7AA47A8} = {3B7BDE3E-8FFC-4D6B-94D5-C9DE20B68F18}
	EndGlobalSection
	GlobalSection(ExtensibilityGlobals) = postSolution
		SolutionGuid = {9A125E79-0057-441A-8620-46AE883EEB15}
	EndGlobalSection
EndGlobal
